
Microsoft Visual Studio Solution File, Format Version 12.00
# Visual Studio Version 16
VisualStudioVersion = 16.0.32413.511
MinimumVisualStudioVersion = 10.0.40219.1
Project("{8BC9CEB8-8B4A-11D0-8D11-00A0C91BC942}") = "DistributedEventBus", "DistributedEventBus.vcxproj", "{5AE8C711-1AB4-4811-A091-BC8BDF7E346A}"
EndProject
Global
	GlobalSection(SolutionConfigurationPlatforms) = preSolution
		Debug|x64 = Debug|x64
		Debug|x86 = Debug|x86
		Release|x64 = Release|x64
		Release|x86 = Release|x86
	EndGlobalSection
	GlobalSection(ProjectConfigurationPlatforms) = postSolution
		{5AE8C711-1AB4-4811-A091-BC8BDF7E346A}.Debug|x64.ActiveCfg = Debug|x64
		{5AE8C711-1AB4-4811-A091-BC8BDF7E346A}.Debug|x64.Build.0 = Debug|x64
		{5AE8C711-1AB4-4811-A091-BC8BDF7E346A}.Debug|x86.ActiveCfg = Debug|Win32
		{5AE8C711-1AB4-4811-A091-BC8BDF7E346A}.Debug|x86.Build.0 = Debug|Win32
		{5AE8C711-1AB4-4811-A091-BC8BDF7E346A}.Release|x64.ActiveCfg = Release|x64
		{5AE8C711-1AB4-4811-A091-BC8BDF7E346A}.Release|x64.Build.0 = Release|x64
		{5AE8C711-1AB4-4811-A091-BC8BDF7E346A}.Release|x86.ActiveCfg = Release|Win32
		{5AE8C711-1AB4-4811-A091-BC8BDF7E346A}.Release|x86.Build.0 = Release|Win32
	EndGlobalSection
	GlobalSection(SolutionProperties) = preSolution
		HideSolutionNode = FALSE
	EndGlobalSection
	GlobalSection(ExtensibilityGlobals) = postSolution
		SolutionGuid = {6DC8910C-1ACE-4F09-9CC5-296948AD02EC}
	EndGlobalSection
EndGlobal
